# THIS IS AN AUTOGENERATED FILE. DO NOT EDIT THIS FILE DIRECTLY.
# yarn lockfile v1


"@types/node@^14.14.21":
  version "14.14.21"
  resolved "https://registry.yarnpkg.com/@types/node/-/node-14.14.21.tgz#d934aacc22424fe9622ebf6857370c052eae464e"
  integrity sha512-cHYfKsnwllYhjOzuC5q1VpguABBeecUp24yFluHpn/BQaVxB1CuQ1FSRZCzrPxrkIfWISXV2LbeoBthLWg0+0A==

fontoxpath@^3.14.2:
  version "3.14.2"
  resolved "https://registry.yarnpkg.com/fontoxpath/-/fontoxpath-3.14.2.tgz#edb5015d8b0f44aecfbaf83ffa75f28fd35f44cc"
  integrity sha512-AVy+ZEIUzCIzjcRT8OCeG95oJZbkP+TYtCyCSWKHmI4v4ip4PW3GJ7SUUpkieSA/HcE3jMMHH9i3mNPQ8pFamA==
  dependencies:
    xspattern "^1.2.1"

prsc@^1.1.0:
  version "1.1.0"
  resolved "https://registry.yarnpkg.com/prsc/-/prsc-1.1.0.tgz#868f26c18a1dca3e94bf8446d0544af983901808"
  integrity sha512-sNn5XUwyMA9dbF5l23ksu2+MsOKf+Ihuae0T88GMABgsKiPA1oLME3qdlrkPxyVVK6wFhO7VSKNuSyZrCYQrOg==

saxes@^5.0.1:
  version "5.0.1"
  resolved "https://registry.yarnpkg.com/saxes/-/saxes-5.0.1.tgz#eebab953fa3b7608dbe94e5dadb15c888fa6696d"
  integrity sha512-5LBh1Tls8c9xgGjw3QrMwETmTMVk0oFgvrFSvWx62llR2hcEInrKNZ2GZCCuuy2lvWrdl5jhbpeqc5hRYKFOcw==
  dependencies:
    xmlchars "^2.2.0"

slimdom-sax-parser@^1.4.0:
  version "1.4.0"
  resolved "https://registry.yarnpkg.com/slimdom-sax-parser/-/slimdom-sax-parser-1.4.0.tgz#552aeeff1eda553c27b007cec706fbac5600fb4e"
  integrity sha512-WC3wtMwmHQPYLhnJTkI72JppGrGP0T+VHleTMwmBcOjve8FQlAAWWwYsoTtkfbt2t8ekvtQzvW5r1jnpsiK2Tw==
  dependencies:
    saxes "^5.0.1"
    slimdom "^2.3.2"

slimdom@^2.3.2:
  version "2.3.2"
  resolved "https://registry.yarnpkg.com/slimdom/-/slimdom-2.3.2.tgz#d5c182eec131fd08c6210bd9cd2994b9958cb5fd"
  integrity sha512-zFsKlkGyYRxRhSIoQSKzcHfRhlCNE9Sl87SLcLp8NitcoEufts+oCckDvHTkj8EhzQlPG9gmB+9qbV+iXQTlUg==

typescript@^4.1.3:
  version "4.1.3"
  resolved "https://registry.yarnpkg.com/typescript/-/typescript-4.1.3.tgz#519d582bd94cba0cf8934c7d8e8467e473f53bb7"
  integrity sha512-B3ZIOf1IKeH2ixgHhj6la6xdwR9QrLC5d1VKeCSY4tvkqhF2eqd9O7txNlS0PO3GrBAFIdr3L1ndNwteUbZLYg==

whynot@^3.0.3:
  version "3.0.3"
  resolved "https://registry.yarnpkg.com/whynot/-/whynot-3.0.3.tgz#56abf3e0e2e54f5550cebcc952ddf5b38e38f136"
  integrity sha512-CyFCWOprdyBdUPoHCE7WIVH5lBqv2QHz2+WID/JaelCurmyn/wQ71O6wmJbX657HcLJfABKMRtsPp4XuzDO6Jw==

xmlchars@^2.2.0:
  version "2.2.0"
  resolved "https://registry.yarnpkg.com/xmlchars/-/xmlchars-2.2.0.tgz#060fe1bcb7f9c76fe2a17db86a9bc3ab894210cb"
  integrity sha512-JZnDKK8B0RCDw84FNdDAIpZK+JuJw+s7Lz8nksI7SIuU3UXJJslUthsi+uWBUYOwPFwW7W7PRLRfUKpxjtjFCw==

xspattern@^1.2.1:
  version "1.2.1"
  resolved "https://registry.yarnpkg.com/xspattern/-/xspattern-1.2.1.tgz#0a5cc1192b3746543eb8dd988c3b80f0085917ac"
  integrity sha512-fkM2XB5N8MOCQiEW2ITa8XIKKjqbNlFTOiqT9zKMPr7jMsBe1jIBq+E5HCm1c4kmgFRWqpVGyLloTQ/y1pW+Yg==
  dependencies:
    prsc "^1.1.0"
    whynot "^3.0.3"
